{
  "version": "5",
  "specifiers": {
    "npm:openid-client@6": "6.8.4"
  },
  "npm": {
    "jose@6.2.3": {
      "integrity": "sha512-YYVDInQKFJfR/xa3ojUTl8c2KoTwiL1R5Wg9YCydwH0x0B9grbzlg5HC7mMjCtUJjbQ/YnGEZIhI5tCgfTb4Hw=="
    },
    "oauth4webapi@3.8.6": {
      "integrity": "sha512-iwemM91xz8nryHti2yTmg5fhyEMVOkOXwHNqbvcATjyajb5oQxCQzrNOA6uElRHuMhQQTKUyFKV9y/CNyg25BQ=="
    },
    "openid-client@6.8.4": {
      "integrity": "sha512-QSw0BA08piujetEwfZsHoTrDpMEha7GDZDicQqVwX4u0ChCjefvjDB++TZ8BTg76UpwhzIQgdvvfgfl3HpCSAw==",
      "dependencies": [
        "jose",
        "oauth4webapi"
      ]
    }
  },
  "workspace": {
    "dependencies": [
      "npm:openid-client@6"
    ]
  }
}
